
Microsoft Visual Studio Solution File, Format Version 12.00
# Visual Studio Version 16
VisualStudioVersion = 16.0.31424.327
MinimumVisualStudioVersion = 10.0.40219.1
Project("{FAE04EC0-301F-11D3-BF4B-00C04F79EFBC}") = "csharp-abstract-excercise", "csharp-abstract-excercise\csharp-abstract-excercise.csproj", "{42A959DA-555C-4BB8-B501-6BAF45324B81}"
EndProject
Global
	GlobalSection(SolutionConfigurationPlatforms) = preSolution
		Debug|Any CPU = Debug|Any CPU
		Release|Any CPU = Release|Any CPU
	EndGlobalSection
	GlobalSection(ProjectConfigurationPlatforms) = postSolution
		{42A959DA-555C-4BB8-B501-6BAF45324B81}.Debug|Any CPU.ActiveCfg = Debug|Any CPU
		{42A959DA-555C-4BB8-B501-6BAF45324B81}.Debug|Any CPU.Build.0 = Debug|Any CPU
		{42A959DA-555C-4BB8-B501-6BAF45324B81}.Release|Any CPU.ActiveCfg = Release|Any CPU
		{42A959DA-555C-4BB8-B501-6BAF45324B81}.Release|Any CPU.Build.0 = Release|Any CPU
	EndGlobalSection
	GlobalSection(SolutionProperties) = preSolution
		HideSolutionNode = FALSE
	EndGlobalSection
	GlobalSection(ExtensibilityGlobals) = postSolution
		SolutionGuid = {92005531-D53D-4047-A47B-1A4C6BD0A96F}
	EndGlobalSection
EndGlobal
